- type: entity
  parent: AirlockSecurity
  id: AirlockUSSP
  suffix: USSP, Locked
  components:
  - type: ContainerFill
    containers:
      board: [ DoorElectronicsUSSP ]

- type: entity
  parent: AirlockSecurity
  id: AirlockUSSPSecure
  suffix: USSP Secure, Locked
  components:
  - type: ContainerFill
    containers:
      board: [ DoorElectronicsUSSPHigh ]

- type: entity
  parent: AirlockSecurity
  id: AirlockUSSPCommand
  suffix: USSP Command, Locked
  components:
  - type: ContainerFill
    containers:
      board: [ DoorElectronicsUSSPCommand ]

- type: entity
  parent: AirlockNfsd
  id: AirlockTsfEngineering
  suffix: TSF Engineering, Locked
  components:
  - type: ContainerFill
    containers:
      board: [ DoorElectronicsTsfEngineer ]
