- type: entity
  parent: AirlockSecurityGlass
  id: AirlockUSSPGlass
  suffix: USSP, Locked
  components:
  - type: ContainerFill
    containers:
      board: [ DoorElectronicsUSSP ]

- type: entity
  parent: AirlockSecurityGlass
  id: AirlockUSSPSecureGlass
  suffix: USSP Secure, Locked
  components:
  - type: ContainerFill
    containers:
      board: [ DoorElectronicsUSSPHigh ]

- type: entity
  parent: AirlockSecurityGlass
  id: AirlockUSSPCommandGlass
  suffix: USSP Command, Locked
  components:
  - type: ContainerFill
    containers:
      board: [ DoorElectronicsUSSPCommand ]

- type: entity
  parent: AirlockNfsdGlass
  id: AirlockTsfEngineeringGlass
  suffix: TSF Engineering, Locked
  components:
  - type: ContainerFill
    containers:
      board: [ DoorElectronicsTsfEngineer ]
